
Microsoft Visual Studio Solution File, Format Version 12.00
# Visual Studio Version 17
VisualStudioVersion = 17.11.35219.272
MinimumVisualStudioVersion = 10.0.40219.1
Project("{FAE04EC0-301F-11D3-BF4B-00C04F79EFBC}") = "MyTelegramBot", "MyTelegramBot.csproj", "{729C17E9-7252-4C73-919D-D6D12F2FDCDC}"
EndProject
Global
	GlobalSection(SolutionConfigurationPlatforms) = preSolution
		Debug|Any CPU = Debug|Any CPU
		Release|Any CPU = Release|Any CPU
	EndGlobalSection
	GlobalSection(ProjectConfigurationPlatforms) = postSolution
		{729C17E9-7252-4C73-919D-D6D12F2FDCDC}.Debug|Any CPU.ActiveCfg = Debug|Any CPU
		{729C17E9-7252-4C73-919D-D6D12F2FDCDC}.Debug|Any CPU.Build.0 = Debug|Any CPU
		{729C17E9-7252-4C73-919D-D6D12F2FDCDC}.Release|Any CPU.ActiveCfg = Release|Any CPU
		{729C17E9-7252-4C73-919D-D6D12F2FDCDC}.Release|Any CPU.Build.0 = Release|Any CPU
	EndGlobalSection
	GlobalSection(SolutionProperties) = preSolution
		HideSolutionNode = FALSE
	EndGlobalSection
	GlobalSection(ExtensibilityGlobals) = postSolution
		SolutionGuid = {33898561-AE99-4524-A861-DB6AB52FE038}
	EndGlobalSection
EndGlobal
